// !$*UTF8*$!
{
	archiveVersion = 1;
	classes = {
	};
	objectVersion = 50;
	objects = {

/* Begin PBXBuildFile section */
		3800F047228E389B00095A2F /* ZJBaseViewController.swift in Sources */ = {isa = PBXBuildFile; fileRef = 3800F046228E389B00095A2F /* ZJBaseViewController.swift */; };
		3800F04E228E394400095A2F /* ZJRentAptViewController.swift in Sources */ = {isa = PBXBuildFile; fileRef = 3800F04D228E394400095A2F /* ZJRentAptViewController.swift */; };
		3800F050228E39D400095A2F /* ZJRentAptMapView.swift in Sources */ = {isa = PBXBuildFile; fileRef = 3800F04F228E39D400095A2F /* ZJRentAptMapView.swift */; };
		3800F052228E3D0800095A2F /* ZJRentAptListView.swift in Sources */ = {isa = PBXBuildFile; fileRef = 3800F051228E3D0800095A2F /* ZJRentAptListView.swift */; };
		3800F057228E52B700095A2F /* PublishView.xib in Resources */ = {isa = PBXBuildFile; fileRef = 3800F055228E52B700095A2F /* PublishView.xib */; };
		3800F058228E52B700095A2F /* PublishView.swift in Sources */ = {isa = PBXBuildFile; fileRef = 3800F056228E52B700095A2F /* PublishView.swift */; };
		3845EDB8229087B50045A694 /* ZJAddAptDateCell.swift in Sources */ = {isa = PBXBuildFile; fileRef = 3845EDB7229087B50045A694 /* ZJAddAptDateCell.swift */; };
		3845EDBA229097A80045A694 /* ZJAddAptHeaderView.swift in Sources */ = {isa = PBXBuildFile; fileRef = 3845EDB9229097A80045A694 /* ZJAddAptHeaderView.swift */; };
		3845EDBC2290E7CF0045A694 /* ZJAddAptFooterView.swift in Sources */ = {isa = PBXBuildFile; fileRef = 3845EDBB2290E7CF0045A694 /* ZJAddAptFooterView.swift */; };
		38536EE822938C1700A555AC /* APIs.swift in Sources */ = {isa = PBXBuildFile; fileRef = 38536EE722938C1700A555AC /* APIs.swift */; };
		38C5146D2294C88B00953286 /* ZJRentAptListDetailBaseCell.swift in Sources */ = {isa = PBXBuildFile; fileRef = 38C5146C2294C88B00953286 /* ZJRentAptListDetailBaseCell.swift */; };
		38C5146F2294E2C800953286 /* ZJRentAptListDetailRequirementCell.swift in Sources */ = {isa = PBXBuildFile; fileRef = 38C5146E2294E2C800953286 /* ZJRentAptListDetailRequirementCell.swift */; };
		38C514722294EADD00953286 /* YNCategoryButton.swift in Sources */ = {isa = PBXBuildFile; fileRef = 38C514712294EADD00953286 /* YNCategoryButton.swift */; };
		4EB5AB71F9334FAE7E78F7D7 /* Pods_BMLF.framework in Frameworks */ = {isa = PBXBuildFile; fileRef = 828C269B6E435890612D9151 /* Pods_BMLF.framework */; };
		A41CFD3A228DF4F00008FFB6 /* AppDelegate.swift in Sources */ = {isa = PBXBuildFile; fileRef = A41CFD39228DF4F00008FFB6 /* AppDelegate.swift */; };
		A41CFD41228DF4F30008FFB6 /* Assets.xcassets in Resources */ = {isa = PBXBuildFile; fileRef = A41CFD40228DF4F30008FFB6 /* Assets.xcassets */; };
		A41CFD44228DF4F30008FFB6 /* LaunchScreen.storyboard in Resources */ = {isa = PBXBuildFile; fileRef = A41CFD42228DF4F30008FFB6 /* LaunchScreen.storyboard */; };
		A41CFD4F228DF4F40008FFB6 /* BMLFTests.swift in Sources */ = {isa = PBXBuildFile; fileRef = A41CFD4E228DF4F40008FFB6 /* BMLFTests.swift */; };
		A41CFD5A228DF4F40008FFB6 /* BMLFUITests.swift in Sources */ = {isa = PBXBuildFile; fileRef = A41CFD59228DF4F40008FFB6 /* BMLFUITests.swift */; };
		A41CFD68228DF6490008FFB6 /* ZJTabBarController.swift in Sources */ = {isa = PBXBuildFile; fileRef = A41CFD67228DF6490008FFB6 /* ZJTabBarController.swift */; };
		A41CFD6A228DF6D30008FFB6 /* ZJNavigationController.swift in Sources */ = {isa = PBXBuildFile; fileRef = A41CFD69228DF6D30008FFB6 /* ZJNavigationController.swift */; };
		A41CFD6C228DFCCA0008FFB6 /* ZJAddAptViewController.swift in Sources */ = {isa = PBXBuildFile; fileRef = A41CFD6B228DFCCA0008FFB6 /* ZJAddAptViewController.swift */; };
		A41CFD6E228E13B60008FFB6 /* Helper.swift in Sources */ = {isa = PBXBuildFile; fileRef = A41CFD6D228E13B60008FFB6 /* Helper.swift */; };
		A41CFD73228F28FE0008FFB6 /* ZJRentAptListViewCell.swift in Sources */ = {isa = PBXBuildFile; fileRef = A41CFD71228F28FE0008FFB6 /* ZJRentAptListViewCell.swift */; };
		A41CFD74228F28FE0008FFB6 /* ZJRentAptListViewCell.xib in Resources */ = {isa = PBXBuildFile; fileRef = A41CFD72228F28FE0008FFB6 /* ZJRentAptListViewCell.xib */; };
		A438F0F12294ADC900327754 /* ZJRentAptListHeaderView.swift in Sources */ = {isa = PBXBuildFile; fileRef = A438F0F02294ADC900327754 /* ZJRentAptListHeaderView.swift */; };
		A438F0F322959ED300327754 /* NetworkTools.swift in Sources */ = {isa = PBXBuildFile; fileRef = A438F0F222959ED300327754 /* NetworkTools.swift */; };
		A454DA6522946166006EED07 /* ZJAddAptTitleAndSummary.xib in Resources */ = {isa = PBXBuildFile; fileRef = A454DA6422946166006EED07 /* ZJAddAptTitleAndSummary.xib */; };
		A454DA67229468DA006EED07 /* ZJRentAptListDetailViewController.swift in Sources */ = {isa = PBXBuildFile; fileRef = A454DA66229468DA006EED07 /* ZJRentAptListDetailViewController.swift */; };
		A454DA7722947899006EED07 /* CycleCell.xib in Resources */ = {isa = PBXBuildFile; fileRef = A454DA7322947899006EED07 /* CycleCell.xib */; };
		A454DA7822947899006EED07 /* RecommendCycleView.swift in Sources */ = {isa = PBXBuildFile; fileRef = A454DA7422947899006EED07 /* RecommendCycleView.swift */; };
		A454DA7922947899006EED07 /* CycleCell.swift in Sources */ = {isa = PBXBuildFile; fileRef = A454DA7522947899006EED07 /* CycleCell.swift */; };
		A454DA7A22947899006EED07 /* RecommendCycleView.xib in Resources */ = {isa = PBXBuildFile; fileRef = A454DA7622947899006EED07 /* RecommendCycleView.xib */; };
		A454DA82229496DE006EED07 /* ZJRentAptListDetailTitleView.swift in Sources */ = {isa = PBXBuildFile; fileRef = A454DA81229496DE006EED07 /* ZJRentAptListDetailTitleView.swift */; };
		A454DA8422949D39006EED07 /* ZJRentAptListDetailCatrgories.swift in Sources */ = {isa = PBXBuildFile; fileRef = A454DA8322949D39006EED07 /* ZJRentAptListDetailCatrgories.swift */; };
		A4A12EDF228F63EE00D281BE /* ZJAddAptMainView.swift in Sources */ = {isa = PBXBuildFile; fileRef = A4A12EDE228F63EE00D281BE /* ZJAddAptMainView.swift */; };
		A4A12EE2228F64B100D281BE /* ZJAddAptMapView.swift in Sources */ = {isa = PBXBuildFile; fileRef = A4A12EE1228F64B100D281BE /* ZJAddAptMapView.swift */; };
/* End PBXBuildFile section */

/* Begin PBXContainerItemProxy section */
		A41CFD4B228DF4F40008FFB6 /* PBXContainerItemProxy */ = {
			isa = PBXContainerItemProxy;
			containerPortal = A41CFD2E228DF4F00008FFB6 /* Project object */;
			proxyType = 1;
			remoteGlobalIDString = A41CFD35228DF4F00008FFB6;
			remoteInfo = BMLF;
		};
		A41CFD56228DF4F40008FFB6 /* PBXContainerItemProxy */ = {
			isa = PBXContainerItemProxy;
			containerPortal = A41CFD2E228DF4F00008FFB6 /* Project object */;
			proxyType = 1;
			remoteGlobalIDString = A41CFD35228DF4F00008FFB6;
			remoteInfo = BMLF;
		};
/* End PBXContainerItemProxy section */

/* Begin PBXFileReference section */
		3800F046228E389B00095A2F /* ZJBaseViewController.swift */ = {isa = PBXFileReference; lastKnownFileType = sourcecode.swift; path = ZJBaseViewController.swift; sourceTree = "<group>"; };
		3800F04D228E394400095A2F /* ZJRentAptViewController.swift */ = {isa = PBXFileReference; lastKnownFileType = sourcecode.swift; path = ZJRentAptViewController.swift; sourceTree = "<group>"; };
		3800F04F228E39D400095A2F /* ZJRentAptMapView.swift */ = {isa = PBXFileReference; lastKnownFileType = sourcecode.swift; path = ZJRentAptMapView.swift; sourceTree = "<group>"; };
		3800F051228E3D0800095A2F /* ZJRentAptListView.swift */ = {isa = PBXFileReference; lastKnownFileType = sourcecode.swift; path = ZJRentAptListView.swift; sourceTree = "<group>"; };
		3800F055228E52B700095A2F /* PublishView.xib */ = {isa = PBXFileReference; fileEncoding = 4; lastKnownFileType = file.xib; path = PublishView.xib; sourceTree = "<group>"; };
		3800F056228E52B700095A2F /* PublishView.swift */ = {isa = PBXFileReference; fileEncoding = 4; lastKnownFileType = sourcecode.swift; path = PublishView.swift; sourceTree = "<group>"; };
		3845EDB7229087B50045A694 /* ZJAddAptDateCell.swift */ = {isa = PBXFileReference; lastKnownFileType = sourcecode.swift; path = ZJAddAptDateCell.swift; sourceTree = "<group>"; };
		3845EDB9229097A80045A694 /* ZJAddAptHeaderView.swift */ = {isa = PBXFileReference; lastKnownFileType = sourcecode.swift; path = ZJAddAptHeaderView.swift; sourceTree = "<group>"; };
		3845EDBB2290E7CF0045A694 /* ZJAddAptFooterView.swift */ = {isa = PBXFileReference; lastKnownFileType = sourcecode.swift; path = ZJAddAptFooterView.swift; sourceTree = "<group>"; };
		38536EE722938C1700A555AC /* APIs.swift */ = {isa = PBXFileReference; lastKnownFileType = sourcecode.swift; path = APIs.swift; sourceTree = "<group>"; };
		38C5146C2294C88B00953286 /* ZJRentAptListDetailBaseCell.swift */ = {isa = PBXFileReference; lastKnownFileType = sourcecode.swift; path = ZJRentAptListDetailBaseCell.swift; sourceTree = "<group>"; };
		38C5146E2294E2C800953286 /* ZJRentAptListDetailRequirementCell.swift */ = {isa = PBXFileReference; lastKnownFileType = sourcecode.swift; path = ZJRentAptListDetailRequirementCell.swift; sourceTree = "<group>"; };
		38C514712294EADD00953286 /* YNCategoryButton.swift */ = {isa = PBXFileReference; fileEncoding = 4; lastKnownFileType = sourcecode.swift; path = YNCategoryButton.swift; sourceTree = "<group>"; };
		828C269B6E435890612D9151 /* Pods_BMLF.framework */ = {isa = PBXFileReference; explicitFileType = wrapper.framework; includeInIndex = 0; path = Pods_BMLF.framework; sourceTree = BUILT_PRODUCTS_DIR; };
		8C17C4D8C7D3D43388A90FAD /* Pods-BMLF.debug.xcconfig */ = {isa = PBXFileReference; includeInIndex = 1; lastKnownFileType = text.xcconfig; name = "Pods-BMLF.debug.xcconfig"; path = "Pods/Target Support Files/Pods-BMLF/Pods-BMLF.debug.xcconfig"; sourceTree = "<group>"; };
		A41CFD36228DF4F00008FFB6 /* BMLF.app */ = {isa = PBXFileReference; explicitFileType = wrapper.application; includeInIndex = 0; path = BMLF.app; sourceTree = BUILT_PRODUCTS_DIR; };
		A41CFD39228DF4F00008FFB6 /* AppDelegate.swift */ = {isa = PBXFileReference; lastKnownFileType = sourcecode.swift; path = AppDelegate.swift; sourceTree = "<group>"; };
		A41CFD40228DF4F30008FFB6 /* Assets.xcassets */ = {isa = PBXFileReference; lastKnownFileType = folder.assetcatalog; path = Assets.xcassets; sourceTree = "<group>"; };
		A41CFD43228DF4F30008FFB6 /* Base */ = {isa = PBXFileReference; lastKnownFileType = file.storyboard; name = Base; path = Base.lproj/LaunchScreen.storyboard; sourceTree = "<group>"; };
		A41CFD45228DF4F30008FFB6 /* Info.plist */ = {isa = PBXFileReference; lastKnownFileType = text.plist.xml; path = Info.plist; sourceTree = "<group>"; };
		A41CFD4A228DF4F40008FFB6 /* BMLFTests.xctest */ = {isa = PBXFileReference; explicitFileType = wrapper.cfbundle; includeInIndex = 0; path = BMLFTests.xctest; sourceTree = BUILT_PRODUCTS_DIR; };
		A41CFD4E228DF4F40008FFB6 /* BMLFTests.swift */ = {isa = PBXFileReference; lastKnownFileType = sourcecode.swift; path = BMLFTests.swift; sourceTree = "<group>"; };
		A41CFD50228DF4F40008FFB6 /* Info.plist */ = {isa = PBXFileReference; lastKnownFileType = text.plist.xml; path = Info.plist; sourceTree = "<group>"; };
		A41CFD55228DF4F40008FFB6 /* BMLFUITests.xctest */ = {isa = PBXFileReference; explicitFileType = wrapper.cfbundle; includeInIndex = 0; path = BMLFUITests.xctest; sourceTree = BUILT_PRODUCTS_DIR; };
		A41CFD59228DF4F40008FFB6 /* BMLFUITests.swift */ = {isa = PBXFileReference; lastKnownFileType = sourcecode.swift; path = BMLFUITests.swift; sourceTree = "<group>"; };
		A41CFD5B228DF4F40008FFB6 /* Info.plist */ = {isa = PBXFileReference; lastKnownFileType = text.plist.xml; path = Info.plist; sourceTree = "<group>"; };
		A41CFD67228DF6490008FFB6 /* ZJTabBarController.swift */ = {isa = PBXFileReference; lastKnownFileType = sourcecode.swift; path = ZJTabBarController.swift; sourceTree = "<group>"; };
		A41CFD69228DF6D30008FFB6 /* ZJNavigationController.swift */ = {isa = PBXFileReference; lastKnownFileType = sourcecode.swift; path = ZJNavigationController.swift; sourceTree = "<group>"; };
		A41CFD6B228DFCCA0008FFB6 /* ZJAddAptViewController.swift */ = {isa = PBXFileReference; lastKnownFileType = sourcecode.swift; path = ZJAddAptViewController.swift; sourceTree = "<group>"; };
		A41CFD6D228E13B60008FFB6 /* Helper.swift */ = {isa = PBXFileReference; lastKnownFileType = sourcecode.swift; path = Helper.swift; sourceTree = "<group>"; };
		A41CFD71228F28FE0008FFB6 /* ZJRentAptListViewCell.swift */ = {isa = PBXFileReference; lastKnownFileType = sourcecode.swift; path = ZJRentAptListViewCell.swift; sourceTree = "<group>"; };
		A41CFD72228F28FE0008FFB6 /* ZJRentAptListViewCell.xib */ = {isa = PBXFileReference; lastKnownFileType = file.xib; path = ZJRentAptListViewCell.xib; sourceTree = "<group>"; };
		A438F0F02294ADC900327754 /* ZJRentAptListHeaderView.swift */ = {isa = PBXFileReference; lastKnownFileType = sourcecode.swift; path = ZJRentAptListHeaderView.swift; sourceTree = "<group>"; };
		A438F0F222959ED300327754 /* NetworkTools.swift */ = {isa = PBXFileReference; fileEncoding = 4; lastKnownFileType = sourcecode.swift; path = NetworkTools.swift; sourceTree = "<group>"; };
		A454DA6422946166006EED07 /* ZJAddAptTitleAndSummary.xib */ = {isa = PBXFileReference; lastKnownFileType = file.xib; path = ZJAddAptTitleAndSummary.xib; sourceTree = "<group>"; };
		A454DA66229468DA006EED07 /* ZJRentAptListDetailViewController.swift */ = {isa = PBXFileReference; lastKnownFileType = sourcecode.swift; path = ZJRentAptListDetailViewController.swift; sourceTree = "<group>"; };
		A454DA7322947899006EED07 /* CycleCell.xib */ = {isa = PBXFileReference; fileEncoding = 4; lastKnownFileType = file.xib; path = CycleCell.xib; sourceTree = "<group>"; };
		A454DA7422947899006EED07 /* RecommendCycleView.swift */ = {isa = PBXFileReference; fileEncoding = 4; lastKnownFileType = sourcecode.swift; path = RecommendCycleView.swift; sourceTree = "<group>"; };
		A454DA7522947899006EED07 /* CycleCell.swift */ = {isa = PBXFileReference; fileEncoding = 4; lastKnownFileType = sourcecode.swift; path = CycleCell.swift; sourceTree = "<group>"; };
		A454DA7622947899006EED07 /* RecommendCycleView.xib */ = {isa = PBXFileReference; fileEncoding = 4; lastKnownFileType = file.xib; path = RecommendCycleView.xib; sourceTree = "<group>"; };
		A454DA81229496DE006EED07 /* ZJRentAptListDetailTitleView.swift */ = {isa = PBXFileReference; lastKnownFileType = sourcecode.swift; path = ZJRentAptListDetailTitleView.swift; sourceTree = "<group>"; };
		A454DA8322949D39006EED07 /* ZJRentAptListDetailCatrgories.swift */ = {isa = PBXFileReference; lastKnownFileType = sourcecode.swift; path = ZJRentAptListDetailCatrgories.swift; sourceTree = "<group>"; };
		A4A12EDE228F63EE00D281BE /* ZJAddAptMainView.swift */ = {isa = PBXFileReference; lastKnownFileType = sourcecode.swift; path = ZJAddAptMainView.swift; sourceTree = "<group>"; };
		A4A12EE1228F64B100D281BE /* ZJAddAptMapView.swift */ = {isa = PBXFileReference; lastKnownFileType = sourcecode.swift; path = ZJAddAptMapView.swift; sourceTree = "<group>"; };
		D895C8ADEDC5B0CBDEE2B650 /* Pods-BMLF.release.xcconfig */ = {isa = PBXFileReference; includeInIndex = 1; lastKnownFileType = text.xcconfig; name = "Pods-BMLF.release.xcconfig"; path = "Pods/Target Support Files/Pods-BMLF/Pods-BMLF.release.xcconfig"; sourceTree = "<group>"; };
/* End PBXFileReference section */

/* Begin PBXFrameworksBuildPhase section */
		A41CFD33228DF4F00008FFB6 /* Frameworks */ = {
			isa = PBXFrameworksBuildPhase;
			buildActionMask = 2147483647;
			files = (
				4EB5AB71F9334FAE7E78F7D7 /* Pods_BMLF.framework in Frameworks */,
			);
			runOnlyForDeploymentPostprocessing = 0;
		};
		A41CFD47228DF4F40008FFB6 /* Frameworks */ = {
			isa = PBXFrameworksBuildPhase;
			buildActionMask = 2147483647;
			files = (
			);
			runOnlyForDeploymentPostprocessing = 0;
		};
		A41CFD52228DF4F40008FFB6 /* Frameworks */ = {
			isa = PBXFrameworksBuildPhase;
			buildActionMask = 2147483647;
			files = (
			);
			runOnlyForDeploymentPostprocessing = 0;
		};
/* End PBXFrameworksBuildPhase section */

/* Begin PBXGroup section */
		28ED07D7B6472EADC2CD70AC /* Pods */ = {
			isa = PBXGroup;
			children = (
				8C17C4D8C7D3D43388A90FAD /* Pods-BMLF.debug.xcconfig */,
				D895C8ADEDC5B0CBDEE2B650 /* Pods-BMLF.release.xcconfig */,
			);
			name = Pods;
			sourceTree = "<group>";
		};
		3800F048228E38AB00095A2F /* AppDelegate */ = {
			isa = PBXGroup;
			children = (
				A41CFD39228DF4F00008FFB6 /* AppDelegate.swift */,
				38536EE722938C1700A555AC /* APIs.swift */,
			);
			path = AppDelegate;
			sourceTree = "<group>";
		};
		3800F049228E38BE00095A2F /* Main */ = {
			isa = PBXGroup;
			children = (
				A41CFD67228DF6490008FFB6 /* ZJTabBarController.swift */,
				A41CFD69228DF6D30008FFB6 /* ZJNavigationController.swift */,
				3800F046228E389B00095A2F /* ZJBaseViewController.swift */,
			);
			path = Main;
			sourceTree = "<group>";
		};
		3800F04A228E38DE00095A2F /* Class */ = {
			isa = PBXGroup;
			children = (
				3800F04C228E38FC00095A2F /* RentApt */,
				3800F04B228E38ED00095A2F /* Add */,
			);
			path = Class;
			sourceTree = "<group>";
		};
		3800F04B228E38ED00095A2F /* Add */ = {
			isa = PBXGroup;
			children = (
				3800F056228E52B700095A2F /* PublishView.swift */,
				3800F055228E52B700095A2F /* PublishView.xib */,
				A4A12EE0228F648D00D281BE /* Apt */,
			);
			path = Add;
			sourceTree = "<group>";
		};
		3800F04C228E38FC00095A2F /* RentApt */ = {
			isa = PBXGroup;
			children = (
				A454DA6922946F91006EED07 /* View */,
				A454DA6822946F7B006EED07 /* ViewController */,
			);
			path = RentApt;
			sourceTree = "<group>";
		};
		38C514702294EACE00953286 /* Utiles */ = {
			isa = PBXGroup;
			children = (
				A438F0F222959ED300327754 /* NetworkTools.swift */,
				38C514712294EADD00953286 /* YNCategoryButton.swift */,
				A41CFD6D228E13B60008FFB6 /* Helper.swift */,
			);
			path = Utiles;
			sourceTree = "<group>";
		};
		6E0EB9381AE2C2D6FA548013 /* Frameworks */ = {
			isa = PBXGroup;
			children = (
				828C269B6E435890612D9151 /* Pods_BMLF.framework */,
			);
			name = Frameworks;
			sourceTree = "<group>";
		};
		A41CFD2D228DF4F00008FFB6 = {
			isa = PBXGroup;
			children = (
				A41CFD38228DF4F00008FFB6 /* BMLF */,
				A41CFD4D228DF4F40008FFB6 /* BMLFTests */,
				A41CFD58228DF4F40008FFB6 /* BMLFUITests */,
				A41CFD37228DF4F00008FFB6 /* Products */,
				28ED07D7B6472EADC2CD70AC /* Pods */,
				6E0EB9381AE2C2D6FA548013 /* Frameworks */,
			);
			sourceTree = "<group>";
		};
		A41CFD37228DF4F00008FFB6 /* Products */ = {
			isa = PBXGroup;
			children = (
				A41CFD36228DF4F00008FFB6 /* BMLF.app */,
				A41CFD4A228DF4F40008FFB6 /* BMLFTests.xctest */,
				A41CFD55228DF4F40008FFB6 /* BMLFUITests.xctest */,
			);
			name = Products;
			sourceTree = "<group>";
		};
		A41CFD38228DF4F00008FFB6 /* BMLF */ = {
			isa = PBXGroup;
			children = (
				3800F048228E38AB00095A2F /* AppDelegate */,
				3800F049228E38BE00095A2F /* Main */,
				3800F04A228E38DE00095A2F /* Class */,
				38C514702294EACE00953286 /* Utiles */,
				A41CFD40228DF4F30008FFB6 /* Assets.xcassets */,
				A41CFD42228DF4F30008FFB6 /* LaunchScreen.storyboard */,
				A41CFD45228DF4F30008FFB6 /* Info.plist */,
			);
			path = BMLF;
			sourceTree = "<group>";
		};
		A41CFD4D228DF4F40008FFB6 /* BMLFTests */ = {
			isa = PBXGroup;
			children = (
				A41CFD4E228DF4F40008FFB6 /* BMLFTests.swift */,
				A41CFD50228DF4F40008FFB6 /* Info.plist */,
			);
			path = BMLFTests;
			sourceTree = "<group>";
		};
		A41CFD58228DF4F40008FFB6 /* BMLFUITests */ = {
			isa = PBXGroup;
			children = (
				A41CFD59228DF4F40008FFB6 /* BMLFUITests.swift */,
				A41CFD5B228DF4F40008FFB6 /* Info.plist */,
			);
			path = BMLFUITests;
			sourceTree = "<group>";
		};
		A454DA6822946F7B006EED07 /* ViewController */ = {
			isa = PBXGroup;
			children = (
				3800F04D228E394400095A2F /* ZJRentAptViewController.swift */,
				A454DA66229468DA006EED07 /* ZJRentAptListDetailViewController.swift */,
			);
			path = ViewController;
			sourceTree = "<group>";
		};
		A454DA6922946F91006EED07 /* View */ = {
			isa = PBXGroup;
			children = (
				A454DA8022949585006EED07 /* ListDetail */,
				A454DA7F22949560006EED07 /* Main */,
				A454DA7222946FB0006EED07 /* 循环播放 */,
			);
			path = View;
			sourceTree = "<group>";
		};
		A454DA7222946FB0006EED07 /* 循环播放 */ = {
			isa = PBXGroup;
			children = (
				A454DA7422947899006EED07 /* RecommendCycleView.swift */,
				A454DA7622947899006EED07 /* RecommendCycleView.xib */,
				A454DA7522947899006EED07 /* CycleCell.swift */,
				A454DA7322947899006EED07 /* CycleCell.xib */,
			);
			path = "循环播放";
			sourceTree = "<group>";
		};
		A454DA7F22949560006EED07 /* Main */ = {
			isa = PBXGroup;
			children = (
				3800F04F228E39D400095A2F /* ZJRentAptMapView.swift */,
				3800F051228E3D0800095A2F /* ZJRentAptListView.swift */,
				A41CFD71228F28FE0008FFB6 /* ZJRentAptListViewCell.swift */,
				A41CFD72228F28FE0008FFB6 /* ZJRentAptListViewCell.xib */,
			);
			path = Main;
			sourceTree = "<group>";
		};
		A454DA8022949585006EED07 /* ListDetail */ = {
			isa = PBXGroup;
			children = (
				A438F0F02294ADC900327754 /* ZJRentAptListHeaderView.swift */,
				A454DA81229496DE006EED07 /* ZJRentAptListDetailTitleView.swift */,
				A454DA8322949D39006EED07 /* ZJRentAptListDetailCatrgories.swift */,
				38C5146C2294C88B00953286 /* ZJRentAptListDetailBaseCell.swift */,
				38C5146E2294E2C800953286 /* ZJRentAptListDetailRequirementCell.swift */,
			);
			path = ListDetail;
			sourceTree = "<group>";
		};
		A4A12EE0228F648D00D281BE /* Apt */ = {
			isa = PBXGroup;
			children = (
				A41CFD6B228DFCCA0008FFB6 /* ZJAddAptViewController.swift */,
				3845EDB9229097A80045A694 /* ZJAddAptHeaderView.swift */,
				A4A12EDE228F63EE00D281BE /* ZJAddAptMainView.swift */,
				A4A12EE1228F64B100D281BE /* ZJAddAptMapView.swift */,
				3845EDB7229087B50045A694 /* ZJAddAptDateCell.swift */,
				3845EDBB2290E7CF0045A694 /* ZJAddAptFooterView.swift */,
				A454DA6422946166006EED07 /* ZJAddAptTitleAndSummary.xib */,
			);
			path = Apt;
			sourceTree = "<group>";
		};
/* End PBXGroup section */

/* Begin PBXNativeTarget section */
		A41CFD35228DF4F00008FFB6 /* BMLF */ = {
			isa = PBXNativeTarget;
			buildConfigurationList = A41CFD5E228DF4F40008FFB6 /* Build configuration list for PBXNativeTarget "BMLF" */;
			buildPhases = (
				7848120B8933061B73E7F25D /* [CP] Check Pods Manifest.lock */,
				A41CFD32228DF4F00008FFB6 /* Sources */,
				A41CFD33228DF4F00008FFB6 /* Frameworks */,
				A41CFD34228DF4F00008FFB6 /* Resources */,
				BAC00265B3A6D20834616E87 /* [CP] Embed Pods Frameworks */,
			);
			buildRules = (
			);
			dependencies = (
			);
			name = BMLF;
			productName = BMLF;
			productReference = A41CFD36228DF4F00008FFB6 /* BMLF.app */;
			productType = "com.apple.product-type.application";
		};
		A41CFD49228DF4F40008FFB6 /* BMLFTests */ = {
			isa = PBXNativeTarget;
			buildConfigurationList = A41CFD61228DF4F40008FFB6 /* Build configuration list for PBXNativeTarget "BMLFTests" */;
			buildPhases = (
				A41CFD46228DF4F40008FFB6 /* Sources */,
				A41CFD47228DF4F40008FFB6 /* Frameworks */,
				A41CFD48228DF4F40008FFB6 /* Resources */,
			);
			buildRules = (
			);
			dependencies = (
				A41CFD4C228DF4F40008FFB6 /* PBXTargetDependency */,
			);
			name = BMLFTests;
			productName = BMLFTests;
			productReference = A41CFD4A228DF4F40008FFB6 /* BMLFTests.xctest */;
			productType = "com.apple.product-type.bundle.unit-test";
		};
		A41CFD54228DF4F40008FFB6 /* BMLFUITests */ = {
			isa = PBXNativeTarget;
			buildConfigurationList = A41CFD64228DF4F40008FFB6 /* Build configuration list for PBXNativeTarget "BMLFUITests" */;
			buildPhases = (
				A41CFD51228DF4F40008FFB6 /* Sources */,
				A41CFD52228DF4F40008FFB6 /* Frameworks */,
				A41CFD53228DF4F40008FFB6 /* Resources */,
			);
			buildRules = (
			);
			dependencies = (
				A41CFD57228DF4F40008FFB6 /* PBXTargetDependency */,
			);
			name = BMLFUITests;
			productName = BMLFUITests;
			productReference = A41CFD55228DF4F40008FFB6 /* BMLFUITests.xctest */;
			productType = "com.apple.product-type.bundle.ui-testing";
		};
/* End PBXNativeTarget section */

/* Begin PBXProject section */
		A41CFD2E228DF4F00008FFB6 /* Project object */ = {
			isa = PBXProject;
			attributes = {
				LastSwiftUpdateCheck = 1010;
				LastUpgradeCheck = 1010;
				ORGANIZATIONNAME = BMLF;
				TargetAttributes = {
					A41CFD35228DF4F00008FFB6 = {
						CreatedOnToolsVersion = 10.1;
					};
					A41CFD49228DF4F40008FFB6 = {
						CreatedOnToolsVersion = 10.1;
						TestTargetID = A41CFD35228DF4F00008FFB6;
					};
					A41CFD54228DF4F40008FFB6 = {
						CreatedOnToolsVersion = 10.1;
						TestTargetID = A41CFD35228DF4F00008FFB6;
					};
				};
			};
			buildConfigurationList = A41CFD31228DF4F00008FFB6 /* Build configuration list for PBXProject "BMLF" */;
			compatibilityVersion = "Xcode 9.3";
			developmentRegion = en;
			hasScannedForEncodings = 0;
			knownRegions = (
				en,
				Base,
			);
			mainGroup = A41CFD2D228DF4F00008FFB6;
			productRefGroup = A41CFD37228DF4F00008FFB6 /* Products */;
			projectDirPath = "";
			projectRoot = "";
			targets = (
				A41CFD35228DF4F00008FFB6 /* BMLF */,
				A41CFD49228DF4F40008FFB6 /* BMLFTests */,
				A41CFD54228DF4F40008FFB6 /* BMLFUITests */,
			);
		};
/* End PBXProject section */

/* Begin PBXResourcesBuildPhase section */
		A41CFD34228DF4F00008FFB6 /* Resources */ = {
			isa = PBXResourcesBuildPhase;
			buildActionMask = 2147483647;
			files = (
				A41CFD44228DF4F30008FFB6 /* LaunchScreen.storyboard in Resources */,
				A41CFD41228DF4F30008FFB6 /* Assets.xcassets in Resources */,
				A454DA6522946166006EED07 /* ZJAddAptTitleAndSummary.xib in Resources */,
				3800F057228E52B700095A2F /* PublishView.xib in Resources */,
				A454DA7A22947899006EED07 /* RecommendCycleView.xib in Resources */,
				A454DA7722947899006EED07 /* CycleCell.xib in Resources */,
				A41CFD74228F28FE0008FFB6 /* ZJRentAptListViewCell.xib in Resources */,
			);
			runOnlyForDeploymentPostprocessing = 0;
		};
		A41CFD48228DF4F40008FFB6 /* Resources */ = {
			isa = PBXResourcesBuildPhase;
			buildActionMask = 2147483647;
			files = (
			);
			runOnlyForDeploymentPostprocessing = 0;
		};
		A41CFD53228DF4F40008FFB6 /* Resources */ = {
			isa = PBXResourcesBuildPhase;
			buildActionMask = 2147483647;
			files = (
			);
			runOnlyForDeploymentPostprocessing = 0;
		};
/* End PBXResourcesBuildPhase section */

/* Begin PBXShellScriptBuildPhase section */
		7848120B8933061B73E7F25D /* [CP] Check Pods Manifest.lock */ = {
			isa = PBXShellScriptBuildPhase;
			buildActionMask = 2147483647;
			files = (
			);
			inputFileListPaths = (
			);
			inputPaths = (
				"${PODS_PODFILE_DIR_PATH}/Podfile.lock",
				"${PODS_ROOT}/Manifest.lock",
			);
			name = "[CP] Check Pods Manifest.lock";
			outputFileListPaths = (
			);
			outputPaths = (
				"$(DERIVED_FILE_DIR)/Pods-BMLF-checkManifestLockResult.txt",
			);
			runOnlyForDeploymentPostprocessing = 0;
			shellPath = /bin/sh;
			shellScript = "diff \"${PODS_PODFILE_DIR_PATH}/Podfile.lock\" \"${PODS_ROOT}/Manifest.lock\" > /dev/null\nif [ $? != 0 ] ; then\n    # print error to STDERR\n    echo \"error: The sandbox is not in sync with the Podfile.lock. Run 'pod install' or update your CocoaPods installation.\" >&2\n    exit 1\nfi\n# This output is used by Xcode 'outputs' to avoid re-running this script phase.\necho \"SUCCESS\" > \"${SCRIPT_OUTPUT_FILE_0}\"\n";
			showEnvVarsInLog = 0;
		};
		BAC00265B3A6D20834616E87 /* [CP] Embed Pods Frameworks */ = {
			isa = PBXShellScriptBuildPhase;
			buildActionMask = 2147483647;
			files = (
			);
			inputFileListPaths = (
			);
			inputPaths = (
				"${PODS_ROOT}/Target Support Files/Pods-BMLF/Pods-BMLF-frameworks.sh",
				"${BUILT_PRODUCTS_DIR}/Alamofire/Alamofire.framework",
				"${BUILT_PRODUCTS_DIR}/Eureka/Eureka.framework",
				"${BUILT_PRODUCTS_DIR}/Kingfisher/Kingfisher.framework",
				"${BUILT_PRODUCTS_DIR}/PryntTrimmerView/PryntTrimmerView.framework",
				"${BUILT_PRODUCTS_DIR}/SteviaLayout/Stevia.framework",
				"${BUILT_PRODUCTS_DIR}/YPImagePicker/YPImagePicker.framework",
				"${BUILT_PRODUCTS_DIR}/pop/pop.framework",
			);
			name = "[CP] Embed Pods Frameworks";
			outputFileListPaths = (
			);
			outputPaths = (
				"${TARGET_BUILD_DIR}/${FRAMEWORKS_FOLDER_PATH}/Alamofire.framework",
				"${TARGET_BUILD_DIR}/${FRAMEWORKS_FOLDER_PATH}/Eureka.framework",
				"${TARGET_BUILD_DIR}/${FRAMEWORKS_FOLDER_PATH}/Kingfisher.framework",
				"${TARGET_BUILD_DIR}/${FRAMEWORKS_FOLDER_PATH}/PryntTrimmerView.framework",
				"${TARGET_BUILD_DIR}/${FRAMEWORKS_FOLDER_PATH}/Stevia.framework",
				"${TARGET_BUILD_DIR}/${FRAMEWORKS_FOLDER_PATH}/YPImagePicker.framework",
				"${TARGET_BUILD_DIR}/${FRAMEWORKS_FOLDER_PATH}/pop.framework",
			);
			runOnlyForDeploymentPostprocessing = 0;
			shellPath = /bin/sh;
			shellScript = "\"${PODS_ROOT}/Target Support Files/Pods-BMLF/Pods-BMLF-frameworks.sh\"\n";
			showEnvVarsInLog = 0;
		};
/* End PBXShellScriptBuildPhase section */

/* Begin PBXSourcesBuildPhase section */
		A41CFD32228DF4F00008FFB6 /* Sources */ = {
			isa = PBXSourcesBuildPhase;
			buildActionMask = 2147483647;
			files = (
				A454DA8422949D39006EED07 /* ZJRentAptListDetailCatrgories.swift in Sources */,
				A454DA7822947899006EED07 /* RecommendCycleView.swift in Sources */,
				A4A12EE2228F64B100D281BE /* ZJAddAptMapView.swift in Sources */,
				3845EDB8229087B50045A694 /* ZJAddAptDateCell.swift in Sources */,
				A41CFD6C228DFCCA0008FFB6 /* ZJAddAptViewController.swift in Sources */,
				A41CFD73228F28FE0008FFB6 /* ZJRentAptListViewCell.swift in Sources */,
				A454DA67229468DA006EED07 /* ZJRentAptListDetailViewController.swift in Sources */,
				A454DA7922947899006EED07 /* CycleCell.swift in Sources */,
				38C514722294EADD00953286 /* YNCategoryButton.swift in Sources */,
				A41CFD68228DF6490008FFB6 /* ZJTabBarController.swift in Sources */,
				A4A12EDF228F63EE00D281BE /* ZJAddAptMainView.swift in Sources */,
				3845EDBA229097A80045A694 /* ZJAddAptHeaderView.swift in Sources */,
				A454DA82229496DE006EED07 /* ZJRentAptListDetailTitleView.swift in Sources */,
				A41CFD6E228E13B60008FFB6 /* Helper.swift in Sources */,
				A438F0F322959ED300327754 /* NetworkTools.swift in Sources */,
				3800F047228E389B00095A2F /* ZJBaseViewController.swift in Sources */,
				3800F052228E3D0800095A2F /* ZJRentAptListView.swift in Sources */,
				3800F050228E39D400095A2F /* ZJRentAptMapView.swift in Sources */,
				A41CFD3A228DF4F00008FFB6 /* AppDelegate.swift in Sources */,
				3800F058228E52B700095A2F /* PublishView.swift in Sources */,
				3800F04E228E394400095A2F /* ZJRentAptViewController.swift in Sources */,
				A41CFD6A228DF6D30008FFB6 /* ZJNavigationController.swift in Sources */,
				38536EE822938C1700A555AC /* APIs.swift in Sources */,
				3845EDBC2290E7CF0045A694 /* ZJAddAptFooterView.swift in Sources */,
				A438F0F12294ADC900327754 /* ZJRentAptListHeaderView.swift in Sources */,
				38C5146D2294C88B00953286 /* ZJRentAptListDetailBaseCell.swift in Sources */,
				38C5146F2294E2C800953286 /* ZJRentAptListDetailRequirementCell.swift in Sources */,
			);
			runOnlyForDeploymentPostprocessing = 0;
		};
		A41CFD46228DF4F40008FFB6 /* Sources */ = {
			isa = PBXSourcesBuildPhase;
			buildActionMask = 2147483647;
			files = (
				A41CFD4F228DF4F40008FFB6 /* BMLFTests.swift in Sources */,
			);
			runOnlyForDeploymentPostprocessing = 0;
		};
		A41CFD51228DF4F40008FFB6 /* Sources */ = {
			isa = PBXSourcesBuildPhase;
			buildActionMask = 2147483647;
			files = (
				A41CFD5A228DF4F40008FFB6 /* BMLFUITests.swift in Sources */,
			);
			runOnlyForDeploymentPostprocessing = 0;
		};
/* End PBXSourcesBuildPhase section */

/* Begin PBXTargetDependency section */
		A41CFD4C228DF4F40008FFB6 /* PBXTargetDependency */ = {
			isa = PBXTargetDependency;
			target = A41CFD35228DF4F00008FFB6 /* BMLF */;
			targetProxy = A41CFD4B228DF4F40008FFB6 /* PBXContainerItemProxy */;
		};
		A41CFD57228DF4F40008FFB6 /* PBXTargetDependency */ = {
			isa = PBXTargetDependency;
			target = A41CFD35228DF4F00008FFB6 /* BMLF */;
			targetProxy = A41CFD56228DF4F40008FFB6 /* PBXContainerItemProxy */;
		};
/* End PBXTargetDependency section */

/* Begin PBXVariantGroup section */
		A41CFD42228DF4F30008FFB6 /* LaunchScreen.storyboard */ = {
			isa = PBXVariantGroup;
			children = (
				A41CFD43228DF4F30008FFB6 /* Base */,
			);
			name = LaunchScreen.storyboard;
			sourceTree = "<group>";
		};
/* End PBXVariantGroup section */

/* Begin XCBuildConfiguration section */
		A41CFD5C228DF4F40008FFB6 /* Debug */ = {
			isa = XCBuildConfiguration;
			buildSettings = {
				ALWAYS_SEARCH_USER_PATHS = NO;
				CLANG_ANALYZER_NONNULL = YES;
				CLANG_ANALYZER_NUMBER_OBJECT_CONVERSION = YES_AGGRESSIVE;
				CLANG_CXX_LANGUAGE_STANDARD = "gnu++14";
				CLANG_CXX_LIBRARY = "libc++";
				CLANG_ENABLE_MODULES = YES;
				CLANG_ENABLE_OBJC_ARC = YES;
				CLANG_ENABLE_OBJC_WEAK = YES;
				CLANG_WARN_BLOCK_CAPTURE_AUTORELEASING = YES;
				CLANG_WARN_BOOL_CONVERSION = YES;
				CLANG_WARN_COMMA = YES;
				CLANG_WARN_CONSTANT_CONVERSION = YES;
				CLANG_WARN_DEPRECATED_OBJC_IMPLEMENTATIONS = YES;
				CLANG_WARN_DIRECT_OBJC_ISA_USAGE = YES_ERROR;
				CLANG_WARN_DOCUMENTATION_COMMENTS = YES;
				CLANG_WARN_EMPTY_BODY = YES;
				CLANG_WARN_ENUM_CONVERSION = YES;
				CLANG_WARN_INFINITE_RECURSION = YES;
				CLANG_WARN_INT_CONVERSION = YES;
				CLANG_WARN_NON_LITERAL_NULL_CONVERSION = YES;
				CLANG_WARN_OBJC_IMPLICIT_RETAIN_SELF = YES;
				CLANG_WARN_OBJC_LITERAL_CONVERSION = YES;
				CLANG_WARN_OBJC_ROOT_CLASS = YES_ERROR;
				CLANG_WARN_RANGE_LOOP_ANALYSIS = YES;
				CLANG_WARN_STRICT_PROTOTYPES = YES;
				CLANG_WARN_SUSPICIOUS_MOVE = YES;
				CLANG_WARN_UNGUARDED_AVAILABILITY = YES_AGGRESSIVE;
				CLANG_WARN_UNREACHABLE_CODE = YES;
				CLANG_WARN__DUPLICATE_METHOD_MATCH = YES;
				CODE_SIGN_IDENTITY = "iPhone Developer";
				COPY_PHASE_STRIP = NO;
				DEBUG_INFORMATION_FORMAT = dwarf;
				ENABLE_STRICT_OBJC_MSGSEND = YES;
				ENABLE_TESTABILITY = YES;
				GCC_C_LANGUAGE_STANDARD = gnu11;
				GCC_DYNAMIC_NO_PIC = NO;
				GCC_NO_COMMON_BLOCKS = YES;
				GCC_OPTIMIZATION_LEVEL = 0;
				GCC_PREPROCESSOR_DEFINITIONS = (
					"DEBUG=1",
					"$(inherited)",
				);
				GCC_WARN_64_TO_32_BIT_CONVERSION = YES;
				GCC_WARN_ABOUT_RETURN_TYPE = YES_ERROR;
				GCC_WARN_UNDECLARED_SELECTOR = YES;
				GCC_WARN_UNINITIALIZED_AUTOS = YES_AGGRESSIVE;
				GCC_WARN_UNUSED_FUNCTION = YES;
				GCC_WARN_UNUSED_VARIABLE = YES;
				IPHONEOS_DEPLOYMENT_TARGET = 12.1;
				MTL_ENABLE_DEBUG_INFO = INCLUDE_SOURCE;
				MTL_FAST_MATH = YES;
				ONLY_ACTIVE_ARCH = YES;
				SDKROOT = iphoneos;
				SWIFT_ACTIVE_COMPILATION_CONDITIONS = DEBUG;
				SWIFT_OPTIMIZATION_LEVEL = "-Onone";
			};
			name = Debug;
		};
		A41CFD5D228DF4F40008FFB6 /* Release */ = {
			isa = XCBuildConfiguration;
			buildSettings = {
				ALWAYS_SEARCH_USER_PATHS = NO;
				CLANG_ANALYZER_NONNULL = YES;
				CLANG_ANALYZER_NUMBER_OBJECT_CONVERSION = YES_AGGRESSIVE;
				CLANG_CXX_LANGUAGE_STANDARD = "gnu++14";
				CLANG_CXX_LIBRARY = "libc++";
				CLANG_ENABLE_MODULES = YES;
				CLANG_ENABLE_OBJC_ARC = YES;
				CLANG_ENABLE_OBJC_WEAK = YES;
				CLANG_WARN_BLOCK_CAPTURE_AUTORELEASING = YES;
				CLANG_WARN_BOOL_CONVERSION = YES;
				CLANG_WARN_COMMA = YES;
				CLANG_WARN_CONSTANT_CONVERSION = YES;
				CLANG_WARN_DEPRECATED_OBJC_IMPLEMENTATIONS = YES;
				CLANG_WARN_DIRECT_OBJC_ISA_USAGE = YES_ERROR;
				CLANG_WARN_DOCUMENTATION_COMMENTS = YES;
				CLANG_WARN_EMPTY_BODY = YES;
				CLANG_WARN_ENUM_CONVERSION = YES;
				CLANG_WARN_INFINITE_RECURSION = YES;
				CLANG_WARN_INT_CONVERSION = YES;
				CLANG_WARN_NON_LITERAL_NULL_CONVERSION = YES;
				CLANG_WARN_OBJC_IMPLICIT_RETAIN_SELF = YES;
				CLANG_WARN_OBJC_LITERAL_CONVERSION = YES;
				CLANG_WARN_OBJC_ROOT_CLASS = YES_ERROR;
				CLANG_WARN_RANGE_LOOP_ANALYSIS = YES;
				CLANG_WARN_STRICT_PROTOTYPES = YES;
				CLANG_WARN_SUSPICIOUS_MOVE = YES;
				CLANG_WARN_UNGUARDED_AVAILABILITY = YES_AGGRESSIVE;
				CLANG_WARN_UNREACHABLE_CODE = YES;
				CLANG_WARN__DUPLICATE_METHOD_MATCH = YES;
				CODE_SIGN_IDENTITY = "iPhone Developer";
				COPY_PHASE_STRIP = NO;
				DEBUG_INFORMATION_FORMAT = "dwarf-with-dsym";
				ENABLE_NS_ASSERTIONS = NO;
				ENABLE_STRICT_OBJC_MSGSEND = YES;
				GCC_C_LANGUAGE_STANDARD = gnu11;
				GCC_NO_COMMON_BLOCKS = YES;
				GCC_WARN_64_TO_32_BIT_CONVERSION = YES;
				GCC_WARN_ABOUT_RETURN_TYPE = YES_ERROR;
				GCC_WARN_UNDECLARED_SELECTOR = YES;
				GCC_WARN_UNINITIALIZED_AUTOS = YES_AGGRESSIVE;
				GCC_WARN_UNUSED_FUNCTION = YES;
				GCC_WARN_UNUSED_VARIABLE = YES;
				IPHONEOS_DEPLOYMENT_TARGET = 12.1;
				MTL_ENABLE_DEBUG_INFO = NO;
				MTL_FAST_MATH = YES;
				SDKROOT = iphoneos;
				SWIFT_COMPILATION_MODE = wholemodule;
				SWIFT_OPTIMIZATION_LEVEL = "-O";
				VALIDATE_PRODUCT = YES;
			};
			name = Release;
		};
		A41CFD5F228DF4F40008FFB6 /* Debug */ = {
			isa = XCBuildConfiguration;
			baseConfigurationReference = 8C17C4D8C7D3D43388A90FAD /* Pods-BMLF.debug.xcconfig */;
			buildSettings = {
				ASSETCATALOG_COMPILER_APPICON_NAME = AppIcon;
				ASSETCATALOG_COMPILER_LAUNCHIMAGE_NAME = LaunchImage;
				CODE_SIGN_STYLE = Automatic;
				DEVELOPMENT_TEAM = TJEC8LNQP8;
				INFOPLIST_FILE = BMLF/Info.plist;
				LD_RUNPATH_SEARCH_PATHS = (
					"$(inherited)",
					"@executable_path/Frameworks",
				);
				PRODUCT_BUNDLE_IDENTIFIER = BMLF.BMLF;
				PRODUCT_NAME = "$(TARGET_NAME)";
				SWIFT_VERSION = 4.2;
				TARGETED_DEVICE_FAMILY = "1,2";
			};
			name = Debug;
		};
		A41CFD60228DF4F40008FFB6 /* Release */ = {
			isa = XCBuildConfiguration;
			baseConfigurationReference = D895C8ADEDC5B0CBDEE2B650 /* Pods-BMLF.release.xcconfig */;
			buildSettings = {
				ASSETCATALOG_COMPILER_APPICON_NAME = AppIcon;
				ASSETCATALOG_COMPILER_LAUNCHIMAGE_NAME = LaunchImage;
				CODE_SIGN_STYLE = Automatic;
				DEVELOPMENT_TEAM = TJEC8LNQP8;
				INFOPLIST_FILE = BMLF/Info.plist;
				LD_RUNPATH_SEARCH_PATHS = (
					"$(inherited)",
					"@executable_path/Frameworks",
				);
				PRODUCT_BUNDLE_IDENTIFIER = BMLF.BMLF;
				PRODUCT_NAME = "$(TARGET_NAME)";
				SWIFT_VERSION = 4.2;
				TARGETED_DEVICE_FAMILY = "1,2";
			};
			name = Release;
		};
		A41CFD62228DF4F40008FFB6 /* Debug */ = {
			isa = XCBuildConfiguration;
			buildSettings = {
				ALWAYS_EMBED_SWIFT_STANDARD_LIBRARIES = YES;
				BUNDLE_LOADER = "$(TEST_HOST)";
				CODE_SIGN_STYLE = Automatic;
				INFOPLIST_FILE = BMLFTests/Info.plist;
				LD_RUNPATH_SEARCH_PATHS = (
					"$(inherited)",
					"@executable_path/Frameworks",
					"@loader_path/Frameworks",
				);
				PRODUCT_BUNDLE_IDENTIFIER = BMLF.BMLFTests;
				PRODUCT_NAME = "$(TARGET_NAME)";
				SWIFT_VERSION = 4.2;
				TARGETED_DEVICE_FAMILY = "1,2";
				TEST_HOST = "$(BUILT_PRODUCTS_DIR)/BMLF.app/BMLF";
			};
			name = Debug;
		};
		A41CFD63228DF4F40008FFB6 /* Release */ = {
			isa = XCBuildConfiguration;
			buildSettings = {
				ALWAYS_EMBED_SWIFT_STANDARD_LIBRARIES = YES;
				BUNDLE_LOADER = "$(TEST_HOST)";
				CODE_SIGN_STYLE = Automatic;
				INFOPLIST_FILE = BMLFTests/Info.plist;
				LD_RUNPATH_SEARCH_PATHS = (
					"$(inherited)",
					"@executable_path/Frameworks",
					"@loader_path/Frameworks",
				);
				PRODUCT_BUNDLE_IDENTIFIER = BMLF.BMLFTests;
				PRODUCT_NAME = "$(TARGET_NAME)";
				SWIFT_VERSION = 4.2;
				TARGETED_DEVICE_FAMILY = "1,2";
				TEST_HOST = "$(BUILT_PRODUCTS_DIR)/BMLF.app/BMLF";
			};
			name = Release;
		};
		A41CFD65228DF4F40008FFB6 /* Debug */ = {
			isa = XCBuildConfiguration;
			buildSettings = {
				ALWAYS_EMBED_SWIFT_STANDARD_LIBRARIES = YES;
				CODE_SIGN_STYLE = Automatic;
				INFOPLIST_FILE = BMLFUITests/Info.plist;
				LD_RUNPATH_SEARCH_PATHS = (
					"$(inherited)",
					"@executable_path/Frameworks",
					"@loader_path/Frameworks",
				);
				PRODUCT_BUNDLE_IDENTIFIER = BMLF.BMLFUITests;
				PRODUCT_NAME = "$(TARGET_NAME)";
				SWIFT_VERSION = 4.2;
				TARGETED_DEVICE_FAMILY = "1,2";
				TEST_TARGET_NAME = BMLF;
			};
			name = Debug;
		};
		A41CFD66228DF4F40008FFB6 /* Release */ = {
			isa = XCBuildConfiguration;
			buildSettings = {
				ALWAYS_EMBED_SWIFT_STANDARD_LIBRARIES = YES;
				CODE_SIGN_STYLE = Automatic;
				INFOPLIST_FILE = BMLFUITests/Info.plist;
				LD_RUNPATH_SEARCH_PATHS = (
					"$(inherited)",
					"@executable_path/Frameworks",
					"@loader_path/Frameworks",
				);
				PRODUCT_BUNDLE_IDENTIFIER = BMLF.BMLFUITests;
				PRODUCT_NAME = "$(TARGET_NAME)";
				SWIFT_VERSION = 4.2;
				TARGETED_DEVICE_FAMILY = "1,2";
				TEST_TARGET_NAME = BMLF;
			};
			name = Release;
		};
/* End XCBuildConfiguration section */

/* Begin XCConfigurationList section */
		A41CFD31228DF4F00008FFB6 /* Build configuration list for PBXProject "BMLF" */ = {
			isa = XCConfigurationList;
			buildConfigurations = (
				A41CFD5C228DF4F40008FFB6 /* Debug */,
				A41CFD5D228DF4F40008FFB6 /* Release */,
			);
			defaultConfigurationIsVisible = 0;
			defaultConfigurationName = Release;
		};
		A41CFD5E228DF4F40008FFB6 /* Build configuration list for PBXNativeTarget "BMLF" */ = {
			isa = XCConfigurationList;
			buildConfigurations = (
				A41CFD5F228DF4F40008FFB6 /* Debug */,
				A41CFD60228DF4F40008FFB6 /* Release */,
			);
			defaultConfigurationIsVisible = 0;
			defaultConfigurationName = Release;
		};
		A41CFD61228DF4F40008FFB6 /* Build configuration list for PBXNativeTarget "BMLFTests" */ = {
			isa = XCConfigurationList;
			buildConfigurations = (
				A41CFD62228DF4F40008FFB6 /* Debug */,
				A41CFD63228DF4F40008FFB6 /* Release */,
			);
			defaultConfigurationIsVisible = 0;
			defaultConfigurationName = Release;
		};
		A41CFD64228DF4F40008FFB6 /* Build configuration list for PBXNativeTarget "BMLFUITests" */ = {
			isa = XCConfigurationList;
			buildConfigurations = (
				A41CFD65228DF4F40008FFB6 /* Debug */,
				A41CFD66228DF4F40008FFB6 /* Release */,
			);
			defaultConfigurationIsVisible = 0;
			defaultConfigurationName = Release;
		};
/* End XCConfigurationList section */
	};
	rootObject = A41CFD2E228DF4F00008FFB6 /* Project object */;
}
